
Microsoft Visual Studio Solution File, Format Version 12.00
# Visual Studio 15
VisualStudioVersion = 15.0.28307.329
MinimumVisualStudioVersion = 10.0.40219.1
Project("{FAE04EC0-301F-11D3-BF4B-00C04F79EFBC}") = "WindowsFormsApp6", "WindowsFormsApp6\WindowsFormsApp6.csproj", "{CA515129-AE64-4956-9E98-4F94F86CDF4E}"
EndProject
Global
	GlobalSection(SolutionConfigurationPlatforms) = preSolution
		Debug|Any CPU = Debug|Any CPU
		Release|Any CPU = Release|Any CPU
	EndGlobalSection
	GlobalSection(ProjectConfigurationPlatforms) = postSolution
		{CA515129-AE64-4956-9E98-4F94F86CDF4E}.Debug|Any CPU.ActiveCfg = Debug|Any CPU
		{CA515129-AE64-4956-9E98-4F94F86CDF4E}.Debug|Any CPU.Build.0 = Debug|Any CPU
		{CA515129-AE64-4956-9E98-4F94F86CDF4E}.Release|Any CPU.ActiveCfg = Release|Any CPU
		{CA515129-AE64-4956-9E98-4F94F86CDF4E}.Release|Any CPU.Build.0 = Release|Any CPU
	EndGlobalSection
	GlobalSection(SolutionProperties) = preSolution
		HideSolutionNode = FALSE
	EndGlobalSection
	GlobalSection(ExtensibilityGlobals) = postSolution
		SolutionGuid = {3F1CD8FF-5993-4215-9C90-903B57746BB8}
	EndGlobalSection
EndGlobal
